
Microsoft Visual Studio Solution File, Format Version 12.00
# Visual Studio Version 16
VisualStudioVersion = 16.0.30717.126
MinimumVisualStudioVersion = 10.0.40219.1
Project("{FAE04EC0-301F-11D3-BF4B-00C04F79EFBC}") = "IFGExamAPI", "IFGExamAPI.csproj", "{306FE8EB-00AB-4DB0-B090-40F6EA2B203E}"
EndProject
Global
	GlobalSection(SolutionConfigurationPlatforms) = preSolution
		Debug|Any CPU = Debug|Any CPU
		Release|Any CPU = Release|Any CPU
	EndGlobalSection
	GlobalSection(ProjectConfigurationPlatforms) = postSolution
		{306FE8EB-00AB-4DB0-B090-40F6EA2B203E}.Debug|Any CPU.ActiveCfg = Debug|Any CPU
		{306FE8EB-00AB-4DB0-B090-40F6EA2B203E}.Debug|Any CPU.Build.0 = Debug|Any CPU
		{306FE8EB-00AB-4DB0-B090-40F6EA2B203E}.Release|Any CPU.ActiveCfg = Release|Any CPU
		{306FE8EB-00AB-4DB0-B090-40F6EA2B203E}.Release|Any CPU.Build.0 = Release|Any CPU
	EndGlobalSection
	GlobalSection(SolutionProperties) = preSolution
		HideSolutionNode = FALSE
	EndGlobalSection
	GlobalSection(ExtensibilityGlobals) = postSolution
		SolutionGuid = {EA5A463B-1C9A-4933-A8BA-248BE56C70D0}
	EndGlobalSection
EndGlobal
